# This file is automatically @generated by Cargo.
# It is not intended for manual editing.
version = 4

[[package]]
name = "ktask-cli"
version = "0.1.0"
dependencies = [
 "ktask-core",
]

[[package]]
name = "ktask-core"
version = "0.1.0"

[[package]]
name = "ktask-tui"
version = "0.1.0"
dependencies = [
 "ktask-core",
]
